
Microsoft Visual Studio Solution File, Format Version 12.00
# Visual Studio Version 17
VisualStudioVersion = 17.9.34728.123
MinimumVisualStudioVersion = 10.0.40219.1
Project("{FAE04EC0-301F-11D3-BF4B-00C04F79EFBC}") = "Auth-Service", "Auth-Service\Auth-Service.csproj", "{23724DEC-6C9B-4F77-988A-3A1750F2B4B9}"
EndProject
Global
	GlobalSection(SolutionConfigurationPlatforms) = preSolution
		Debug|Any CPU = Debug|Any CPU
		Release|Any CPU = Release|Any CPU
	EndGlobalSection
	GlobalSection(ProjectConfigurationPlatforms) = postSolution
		{23724DEC-6C9B-4F77-988A-3A1750F2B4B9}.Debug|Any CPU.ActiveCfg = Debug|Any CPU
		{23724DEC-6C9B-4F77-988A-3A1750F2B4B9}.Debug|Any CPU.Build.0 = Debug|Any CPU
		{23724DEC-6C9B-4F77-988A-3A1750F2B4B9}.Release|Any CPU.ActiveCfg = Release|Any CPU
		{23724DEC-6C9B-4F77-988A-3A1750F2B4B9}.Release|Any CPU.Build.0 = Release|Any CPU
	EndGlobalSection
	GlobalSection(SolutionProperties) = preSolution
		HideSolutionNode = FALSE
	EndGlobalSection
	GlobalSection(ExtensibilityGlobals) = postSolution
		SolutionGuid = {AC257174-0C7A-4E7C-9429-7B0A42E8FE48}
	EndGlobalSection
EndGlobal
