
Microsoft Visual Studio Solution File, Format Version 12.00
# Visual Studio Version 17
VisualStudioVersion = 17.9.34728.123
MinimumVisualStudioVersion = 10.0.40219.1
Project("{FAE04EC0-301F-11D3-BF4B-00C04F79EFBC}") = "Auth.Api", "Auth.Api\Auth.Api.csproj", "{77C75BE7-91C3-4E88-8F0C-E7CFD462976C}"
EndProject
Project("{FAE04EC0-301F-11D3-BF4B-00C04F79EFBC}") = "Auth.Application", "Auth.Application\Auth.Application.csproj", "{1BCE61EB-9831-4381-8A5D-9657FBFE7762}"
EndProject
Project("{FAE04EC0-301F-11D3-BF4B-00C04F79EFBC}") = "Auth.Domain", "Auth.Domain\Auth.Domain.csproj", "{26CD313D-A5EA-47B9-B547-C9A56A0A5F09}"
EndProject
Project("{FAE04EC0-301F-11D3-BF4B-00C04F79EFBC}") = "Auth.Persistence", "Auth.Persistence\Auth.Persistence.csproj", "{839B036F-1A53-4192-A1C5-AD3C35BE0291}"
EndProject
Global
	GlobalSection(SolutionConfigurationPlatforms) = preSolution
		Debug|Any CPU = Debug|Any CPU
		Release|Any CPU = Release|Any CPU
	EndGlobalSection
	GlobalSection(ProjectConfigurationPlatforms) = postSolution
		{77C75BE7-91C3-4E88-8F0C-E7CFD462976C}.Debug|Any CPU.ActiveCfg = Debug|Any CPU
		{77C75BE7-91C3-4E88-8F0C-E7CFD462976C}.Debug|Any CPU.Build.0 = Debug|Any CPU
		{77C75BE7-91C3-4E88-8F0C-E7CFD462976C}.Release|Any CPU.ActiveCfg = Release|Any CPU
		{77C75BE7-91C3-4E88-8F0C-E7CFD462976C}.Release|Any CPU.Build.0 = Release|Any CPU
		{1BCE61EB-9831-4381-8A5D-9657FBFE7762}.Debug|Any CPU.ActiveCfg = Debug|Any CPU
		{1BCE61EB-9831-4381-8A5D-9657FBFE7762}.Debug|Any CPU.Build.0 = Debug|Any CPU
		{1BCE61EB-9831-4381-8A5D-9657FBFE7762}.Release|Any CPU.ActiveCfg = Release|Any CPU
		{1BCE61EB-9831-4381-8A5D-9657FBFE7762}.Release|Any CPU.Build.0 = Release|Any CPU
		{26CD313D-A5EA-47B9-B547-C9A56A0A5F09}.Debug|Any CPU.ActiveCfg = Debug|Any CPU
		{26CD313D-A5EA-47B9-B547-C9A56A0A5F09}.Debug|Any CPU.Build.0 = Debug|Any CPU
		{26CD313D-A5EA-47B9-B547-C9A56A0A5F09}.Release|Any CPU.ActiveCfg = Release|Any CPU
		{26CD313D-A5EA-47B9-B547-C9A56A0A5F09}.Release|Any CPU.Build.0 = Release|Any CPU
		{839B036F-1A53-4192-A1C5-AD3C35BE0291}.Debug|Any CPU.ActiveCfg = Debug|Any CPU
		{839B036F-1A53-4192-A1C5-AD3C35BE0291}.Debug|Any CPU.Build.0 = Debug|Any CPU
		{839B036F-1A53-4192-A1C5-AD3C35BE0291}.Release|Any CPU.ActiveCfg = Release|Any CPU
		{839B036F-1A53-4192-A1C5-AD3C35BE0291}.Release|Any CPU.Build.0 = Release|Any CPU
	EndGlobalSection
	GlobalSection(SolutionProperties) = preSolution
		HideSolutionNode = FALSE
	EndGlobalSection
	GlobalSection(ExtensibilityGlobals) = postSolution
		SolutionGuid = {AC257174-0C7A-4E7C-9429-7B0A42E8FE48}
	EndGlobalSection
EndGlobal
